# THIS IS AN AUTOGENERATED FILE. DO NOT EDIT THIS FILE DIRECTLY.
# yarn lockfile v1


"@warangel580/utils@^0.0.2":
  version "0.0.2"
  resolved "https://registry.yarnpkg.com/@warangel580/utils/-/utils-0.0.2.tgz#c1ed1e6c24fbb5b72ca55f67224466afa8b9a64f"
  integrity sha512-cVo9SXT8Br/J46TOhsOTj3maHUs2OqoEVD3HadFLK9229dpzoWh7YntVz5eOSEw4ackmvs7EOSDJlmfCFwLF0Q==
